
Microsoft Visual Studio Solution File, Format Version 12.00
# Visual Studio Version 16
VisualStudioVersion = 16.0.30717.126
MinimumVisualStudioVersion = 10.0.40219.1
Project("{9A19103F-16F7-4668-BE54-9A1E7A4F7556}") = "ECommerce-CodeFirst.DAL", "ECommerce-CodeFirst.DAL\ECommerce-CodeFirst.DAL.csproj", "{3327935D-DC80-4054-8186-B22CC6997288}"
EndProject
Project("{2150E333-8FDC-42A3-9474-1A3956D46DE8}") = "Solution Items", "Solution Items", "{A11008F2-8CB2-4C31-A9DA-5BE25523E0F7}"
	ProjectSection(SolutionItems) = preProject
		Database_Diagram.png = Database_Diagram.png
		ReadMe.md = ReadMe.md
	EndProjectSection
EndProject
Global
	GlobalSection(SolutionConfigurationPlatforms) = preSolution
		Debug|Any CPU = Debug|Any CPU
		Release|Any CPU = Release|Any CPU
	EndGlobalSection
	GlobalSection(ProjectConfigurationPlatforms) = postSolution
		{3327935D-DC80-4054-8186-B22CC6997288}.Debug|Any CPU.ActiveCfg = Debug|Any CPU
		{3327935D-DC80-4054-8186-B22CC6997288}.Debug|Any CPU.Build.0 = Debug|Any CPU
		{3327935D-DC80-4054-8186-B22CC6997288}.Release|Any CPU.ActiveCfg = Release|Any CPU
		{3327935D-DC80-4054-8186-B22CC6997288}.Release|Any CPU.Build.0 = Release|Any CPU
	EndGlobalSection
	GlobalSection(SolutionProperties) = preSolution
		HideSolutionNode = FALSE
	EndGlobalSection
	GlobalSection(ExtensibilityGlobals) = postSolution
		SolutionGuid = {C919622B-A3E4-48D8-8449-77B6219207EC}
	EndGlobalSection
EndGlobal
